
Microsoft Visual Studio Solution File, Format Version 12.00
# Visual Studio Version 17
VisualStudioVersion = 17.13.35931.197 d17.13
MinimumVisualStudioVersion = 10.0.40219.1
Project("{FAE04EC0-301F-11D3-BF4B-00C04F79EFBC}") = "Criatura", "Criatura\Criatura.csproj", "{467EE8AB-57E1-47C1-A822-38932B18F22B}"
EndProject
Project("{FAE04EC0-301F-11D3-BF4B-00C04F79EFBC}") = "Ataque", "Ataque\Ataque.csproj", "{B4021313-C1CC-4E2F-B55D-EADF22252D28}"
EndProject
Global
	GlobalSection(SolutionConfigurationPlatforms) = preSolution
		Debug|Any CPU = Debug|Any CPU
		Release|Any CPU = Release|Any CPU
	EndGlobalSection
	GlobalSection(ProjectConfigurationPlatforms) = postSolution
		{467EE8AB-57E1-47C1-A822-38932B18F22B}.Debug|Any CPU.ActiveCfg = Debug|Any CPU
		{467EE8AB-57E1-47C1-A822-38932B18F22B}.Debug|Any CPU.Build.0 = Debug|Any CPU
		{467EE8AB-57E1-47C1-A822-38932B18F22B}.Release|Any CPU.ActiveCfg = Release|Any CPU
		{467EE8AB-57E1-47C1-A822-38932B18F22B}.Release|Any CPU.Build.0 = Release|Any CPU
		{B4021313-C1CC-4E2F-B55D-EADF22252D28}.Debug|Any CPU.ActiveCfg = Debug|Any CPU
		{B4021313-C1CC-4E2F-B55D-EADF22252D28}.Debug|Any CPU.Build.0 = Debug|Any CPU
		{B4021313-C1CC-4E2F-B55D-EADF22252D28}.Release|Any CPU.ActiveCfg = Release|Any CPU
		{B4021313-C1CC-4E2F-B55D-EADF22252D28}.Release|Any CPU.Build.0 = Release|Any CPU
	EndGlobalSection
	GlobalSection(SolutionProperties) = preSolution
		HideSolutionNode = FALSE
	EndGlobalSection
	GlobalSection(ExtensibilityGlobals) = postSolution
		SolutionGuid = {8EDF4894-940E-4F88-ABCB-21396054C72F}
	EndGlobalSection
EndGlobal
